
Microsoft Visual Studio Solution File, Format Version 12.00
# Visual Studio 14
VisualStudioVersion = 14.0.25420.1
MinimumVisualStudioVersion = 10.0.40219.1
Project("{FAE04EC0-301F-11D3-BF4B-00C04F79EFBC}") = "myapplicationdiscon", "myapplicationdiscon\myapplicationdiscon.csproj", "{AE83338D-F169-4062-99C4-87072DA0EF74}"
EndProject
Project("{FAE04EC0-301F-11D3-BF4B-00C04F79EFBC}") = "bel", "bel\bel.csproj", "{48E19778-1A1F-4001-9A75-3FF81B901C1C}"
EndProject
Project("{FAE04EC0-301F-11D3-BF4B-00C04F79EFBC}") = "dal", "dal\dal.csproj", "{C3B80927-FD21-4A0E-99A0-FE15A73D21CC}"
EndProject
Project("{FAE04EC0-301F-11D3-BF4B-00C04F79EFBC}") = "bal", "bal\bal.csproj", "{A512C5C5-E148-49F5-9B57-BD46619C5925}"
EndProject
Global
	GlobalSection(SolutionConfigurationPlatforms) = preSolution
		Debug|Any CPU = Debug|Any CPU
		Release|Any CPU = Release|Any CPU
	EndGlobalSection
	GlobalSection(ProjectConfigurationPlatforms) = postSolution
		{AE83338D-F169-4062-99C4-87072DA0EF74}.Debug|Any CPU.ActiveCfg = Debug|Any CPU
		{AE83338D-F169-4062-99C4-87072DA0EF74}.Debug|Any CPU.Build.0 = Debug|Any CPU
		{AE83338D-F169-4062-99C4-87072DA0EF74}.Release|Any CPU.ActiveCfg = Release|Any CPU
		{AE83338D-F169-4062-99C4-87072DA0EF74}.Release|Any CPU.Build.0 = Release|Any CPU
		{48E19778-1A1F-4001-9A75-3FF81B901C1C}.Debug|Any CPU.ActiveCfg = Debug|Any CPU
		{48E19778-1A1F-4001-9A75-3FF81B901C1C}.Debug|Any CPU.Build.0 = Debug|Any CPU
		{48E19778-1A1F-4001-9A75-3FF81B901C1C}.Release|Any CPU.ActiveCfg = Release|Any CPU
		{48E19778-1A1F-4001-9A75-3FF81B901C1C}.Release|Any CPU.Build.0 = Release|Any CPU
		{C3B80927-FD21-4A0E-99A0-FE15A73D21CC}.Debug|Any CPU.ActiveCfg = Debug|Any CPU
		{C3B80927-FD21-4A0E-99A0-FE15A73D21CC}.Debug|Any CPU.Build.0 = Debug|Any CPU
		{C3B80927-FD21-4A0E-99A0-FE15A73D21CC}.Release|Any CPU.ActiveCfg = Release|Any CPU
		{C3B80927-FD21-4A0E-99A0-FE15A73D21CC}.Release|Any CPU.Build.0 = Release|Any CPU
		{A512C5C5-E148-49F5-9B57-BD46619C5925}.Debug|Any CPU.ActiveCfg = Debug|Any CPU
		{A512C5C5-E148-49F5-9B57-BD46619C5925}.Debug|Any CPU.Build.0 = Debug|Any CPU
		{A512C5C5-E148-49F5-9B57-BD46619C5925}.Release|Any CPU.ActiveCfg = Release|Any CPU
		{A512C5C5-E148-49F5-9B57-BD46619C5925}.Release|Any CPU.Build.0 = Release|Any CPU
	EndGlobalSection
	GlobalSection(SolutionProperties) = preSolution
		HideSolutionNode = FALSE
	EndGlobalSection
EndGlobal
